
Microsoft Visual Studio Solution File, Format Version 12.00
# Visual Studio Version 17
VisualStudioVersion = 17.0.31919.166
MinimumVisualStudioVersion = 10.0.40219.1
Project("{FAE04EC0-301F-11D3-BF4B-00C04F79EFBC}") = "ISC_Sample.EndPoint", "ISC_Sample.EndPoint\ISC_Sample.EndPoint.csproj", "{5D658402-15FC-46A2-BA8D-D2EB94EE1B67}"
EndProject
Project("{FAE04EC0-301F-11D3-BF4B-00C04F79EFBC}") = "ISC_Sample.Domain", "ISC_Sample.Domain\ISC_Sample.Domain.csproj", "{E176CA87-727C-44A5-80CD-A4036ADB79AB}"
EndProject
Project("{FAE04EC0-301F-11D3-BF4B-00C04F79EFBC}") = "ISC_Sample.Command", "ISC_Sample.Command\ISC_Sample.Command.csproj", "{5413BBDC-8460-4CCC-AE8C-96748CA0195C}"
EndProject
Project("{FAE04EC0-301F-11D3-BF4B-00C04F79EFBC}") = "ISC_Sample.EntityFrameworkCore", "ISC_Sample.EntityFrameworkCore\ISC_Sample.EntityFrameworkCore.csproj", "{AD8BABE7-60C2-45E3-B410-24296E22ACF7}"
EndProject
Project("{FAE04EC0-301F-11D3-BF4B-00C04F79EFBC}") = "ISC_Sample.Handler", "ISC_Sample.Handler\ISC_Sample.Handler.csproj", "{5359A511-EC6C-4EB5-AEE8-5E2A63986C3D}"
EndProject
Project("{FAE04EC0-301F-11D3-BF4B-00C04F79EFBC}") = "ISC_Sample.Queries", "ISC_Sample.Queries\ISC_Sample.Queries.csproj", "{B5E9DAB7-E625-4E58-B0C3-12E4A7C59C3F}"
EndProject
Project("{FAE04EC0-301F-11D3-BF4B-00C04F79EFBC}") = "ISC_Sample.Repository", "ISC_Sample.Repository\ISC_Sample.Repository.csproj", "{64488B36-92D6-4D45-B48C-C1038CBFD823}"
EndProject
Project("{FAE04EC0-301F-11D3-BF4B-00C04F79EFBC}") = "ISC_Sample.Test", "ISC_Sample.Test\ISC_Sample.Test.csproj", "{571A5808-C949-4FA6-B14D-2191C2EAB2FB}"
EndProject
Global
	GlobalSection(SolutionConfigurationPlatforms) = preSolution
		Debug|Any CPU = Debug|Any CPU
		Release|Any CPU = Release|Any CPU
	EndGlobalSection
	GlobalSection(ProjectConfigurationPlatforms) = postSolution
		{5D658402-15FC-46A2-BA8D-D2EB94EE1B67}.Debug|Any CPU.ActiveCfg = Debug|Any CPU
		{5D658402-15FC-46A2-BA8D-D2EB94EE1B67}.Debug|Any CPU.Build.0 = Debug|Any CPU
		{5D658402-15FC-46A2-BA8D-D2EB94EE1B67}.Release|Any CPU.ActiveCfg = Release|Any CPU
		{5D658402-15FC-46A2-BA8D-D2EB94EE1B67}.Release|Any CPU.Build.0 = Release|Any CPU
		{E176CA87-727C-44A5-80CD-A4036ADB79AB}.Debug|Any CPU.ActiveCfg = Debug|Any CPU
		{E176CA87-727C-44A5-80CD-A4036ADB79AB}.Debug|Any CPU.Build.0 = Debug|Any CPU
		{E176CA87-727C-44A5-80CD-A4036ADB79AB}.Release|Any CPU.ActiveCfg = Release|Any CPU
		{E176CA87-727C-44A5-80CD-A4036ADB79AB}.Release|Any CPU.Build.0 = Release|Any CPU
		{5413BBDC-8460-4CCC-AE8C-96748CA0195C}.Debug|Any CPU.ActiveCfg = Debug|Any CPU
		{5413BBDC-8460-4CCC-AE8C-96748CA0195C}.Debug|Any CPU.Build.0 = Debug|Any CPU
		{5413BBDC-8460-4CCC-AE8C-96748CA0195C}.Release|Any CPU.ActiveCfg = Release|Any CPU
		{5413BBDC-8460-4CCC-AE8C-96748CA0195C}.Release|Any CPU.Build.0 = Release|Any CPU
		{AD8BABE7-60C2-45E3-B410-24296E22ACF7}.Debug|Any CPU.ActiveCfg = Debug|Any CPU
		{AD8BABE7-60C2-45E3-B410-24296E22ACF7}.Debug|Any CPU.Build.0 = Debug|Any CPU
		{AD8BABE7-60C2-45E3-B410-24296E22ACF7}.Release|Any CPU.ActiveCfg = Release|Any CPU
		{AD8BABE7-60C2-45E3-B410-24296E22ACF7}.Release|Any CPU.Build.0 = Release|Any CPU
		{5359A511-EC6C-4EB5-AEE8-5E2A63986C3D}.Debug|Any CPU.ActiveCfg = Debug|Any CPU
		{5359A511-EC6C-4EB5-AEE8-5E2A63986C3D}.Debug|Any CPU.Build.0 = Debug|Any CPU
		{5359A511-EC6C-4EB5-AEE8-5E2A63986C3D}.Release|Any CPU.ActiveCfg = Release|Any CPU
		{5359A511-EC6C-4EB5-AEE8-5E2A63986C3D}.Release|Any CPU.Build.0 = Release|Any CPU
		{B5E9DAB7-E625-4E58-B0C3-12E4A7C59C3F}.Debug|Any CPU.ActiveCfg = Debug|Any CPU
		{B5E9DAB7-E625-4E58-B0C3-12E4A7C59C3F}.Debug|Any CPU.Build.0 = Debug|Any CPU
		{B5E9DAB7-E625-4E58-B0C3-12E4A7C59C3F}.Release|Any CPU.ActiveCfg = Release|Any CPU
		{B5E9DAB7-E625-4E58-B0C3-12E4A7C59C3F}.Release|Any CPU.Build.0 = Release|Any CPU
		{64488B36-92D6-4D45-B48C-C1038CBFD823}.Debug|Any CPU.ActiveCfg = Debug|Any CPU
		{64488B36-92D6-4D45-B48C-C1038CBFD823}.Debug|Any CPU.Build.0 = Debug|Any CPU
		{64488B36-92D6-4D45-B48C-C1038CBFD823}.Release|Any CPU.ActiveCfg = Release|Any CPU
		{64488B36-92D6-4D45-B48C-C1038CBFD823}.Release|Any CPU.Build.0 = Release|Any CPU
		{571A5808-C949-4FA6-B14D-2191C2EAB2FB}.Debug|Any CPU.ActiveCfg = Debug|Any CPU
		{571A5808-C949-4FA6-B14D-2191C2EAB2FB}.Debug|Any CPU.Build.0 = Debug|Any CPU
		{571A5808-C949-4FA6-B14D-2191C2EAB2FB}.Release|Any CPU.ActiveCfg = Release|Any CPU
		{571A5808-C949-4FA6-B14D-2191C2EAB2FB}.Release|Any CPU.Build.0 = Release|Any CPU
	EndGlobalSection
	GlobalSection(SolutionProperties) = preSolution
		HideSolutionNode = FALSE
	EndGlobalSection
	GlobalSection(ExtensibilityGlobals) = postSolution
		SolutionGuid = {391FB259-C59A-4467-9B40-FC9C3AB325A2}
	EndGlobalSection
EndGlobal
